
Microsoft Visual Studio Solution File, Format Version 12.00
# Visual Studio Version 16
VisualStudioVersion = 16.0.30128.74
MinimumVisualStudioVersion = 10.0.40219.1
Project("{9A19103F-16F7-4668-BE54-9A1E7A4F7556}") = "ZEM_Enterprice_WebApp", "ZEM_Enterprice_WebApp\ZEM_Enterprice_WebApp.csproj", "{027EBB41-FEA9-44DF-8229-3676CC60A8D2}"
EndProject
Global
	GlobalSection(SolutionConfigurationPlatforms) = preSolution
		Debug|Any CPU = Debug|Any CPU
		Release|Any CPU = Release|Any CPU
	EndGlobalSection
	GlobalSection(ProjectConfigurationPlatforms) = postSolution
		{027EBB41-FEA9-44DF-8229-3676CC60A8D2}.Debug|Any CPU.ActiveCfg = Debug|Any CPU
		{027EBB41-FEA9-44DF-8229-3676CC60A8D2}.Debug|Any CPU.Build.0 = Debug|Any CPU
		{027EBB41-FEA9-44DF-8229-3676CC60A8D2}.Release|Any CPU.ActiveCfg = Release|Any CPU
		{027EBB41-FEA9-44DF-8229-3676CC60A8D2}.Release|Any CPU.Build.0 = Release|Any CPU
	EndGlobalSection
	GlobalSection(SolutionProperties) = preSolution
		HideSolutionNode = FALSE
	EndGlobalSection
	GlobalSection(ExtensibilityGlobals) = postSolution
		SolutionGuid = {36FA6A8D-ECE2-4B99-890F-3828D55D082D}
	EndGlobalSection
EndGlobal
